
Microsoft Visual Studio Solution File, Format Version 12.00
# Visual Studio Version 17
VisualStudioVersion = 17.5.33424.131
MinimumVisualStudioVersion = 10.0.40219.1
Project("{2150E333-8FDC-42A3-9474-1A3956D46DE8}") = "Internal", "Internal", "{C485F01C-B639-44B1-AC23-DD0A986CF9C4}"
EndProject
Project("{2150E333-8FDC-42A3-9474-1A3956D46DE8}") = "Scripts", "Scripts", "{AD2AA03C-FB74-42D8-8FE0-E038DD5F1F24}"
EndProject
Project("{2150E333-8FDC-42A3-9474-1A3956D46DE8}") = "Dlls", "Dlls", "{15F70340-CB97-42B2-90F7-4D9EBB5247D6}"
	ProjectSection(SolutionItems) = preProject
		Dlls\readme.txt = Dlls\readme.txt
	EndProjectSection
EndProject
Project("{2150E333-8FDC-42A3-9474-1A3956D46DE8}") = "Documentation", "Documentation", "{6213860E-85FF-4341-A69D-544E59B67BB8}"
	ProjectSection(SolutionItems) = preProject
		Documentation\Examples\QaPortalConfiguration.json = Documentation\Examples\QaPortalConfiguration.json
		Documentation\readme.txt = Documentation\readme.txt
	EndProjectSection
EndProject
Project("{2150E333-8FDC-42A3-9474-1A3956D46DE8}") = "Code Analysis", "Code Analysis", "{EFE45FA4-F3B4-4D30-BF52-3BD7991D1C4C}"
	ProjectSection(SolutionItems) = preProject
		Internal\Code Analysis\qaction-debug.ruleset = Internal\Code Analysis\qaction-debug.ruleset
		Internal\Code Analysis\qaction-release.ruleset = Internal\Code Analysis\qaction-release.ruleset
	EndProjectSection
EndProject
Project("{2150E333-8FDC-42A3-9474-1A3956D46DE8}") = "RT_Customer_MyFirstRegressionTest", "RT_Customer_MyFirstRegressionTest", "{77137461-8422-4CE2-AF0D-03F9439732EF}"
	ProjectSection(SolutionItems) = preProject
		RT_Customer_MyFirstRegressionTest.xml = RT_Customer_MyFirstRegressionTest.xml
	EndProjectSection
EndProject
Project("{2150E333-8FDC-42A3-9474-1A3956D46DE8}") = "Actions", "Actions", "{D77DABF5-3BBF-4E07-9A0D-D85CE2277E4F}"
EndProject
Project("{FAE04EC0-301F-11D3-BF4B-00C04F79EFBC}") = "RT_Customer_MyFirstRegressionTest_1", "RT_Customer_MyFirstRegressionTest_1\RT_Customer_MyFirstRegressionTest_1.csproj", "{1F328CB2-2466-4CAD-BF2C-CBFD7C69BA12}"
EndProject
Project("{D954291E-2A0B-460D-934E-DC6B0785DB48}") = "Library", "Library\Library.shproj", "{0D197FF4-225F-41A0-B0C2-02E031C066DD}"
EndProject
Project("{2150E333-8FDC-42A3-9474-1A3956D46DE8}") = "Library", "Library", "{9A61DD14-E718-4FDE-AAE3-EA61B082AF1D}"
EndProject
Project("{FAE04EC0-301F-11D3-BF4B-00C04F79EFBC}") = "RT_Customer_MyFirstRegressionTest_1Tests", "RT_Customer_MyFirstRegressionTest_1Tests\RT_Customer_MyFirstRegressionTest_1Tests.csproj", "{2703C9BC-3365-4274-A04D-7F74D89AE599}"
EndProject
Global
	GlobalSection(SolutionConfigurationPlatforms) = preSolution
		Debug|Any CPU = Debug|Any CPU
		Release|Any CPU = Release|Any CPU
	EndGlobalSection
	GlobalSection(ProjectConfigurationPlatforms) = postSolution
		{1F328CB2-2466-4CAD-BF2C-CBFD7C69BA12}.Debug|Any CPU.ActiveCfg = Debug|Any CPU
		{1F328CB2-2466-4CAD-BF2C-CBFD7C69BA12}.Debug|Any CPU.Build.0 = Debug|Any CPU
		{1F328CB2-2466-4CAD-BF2C-CBFD7C69BA12}.Release|Any CPU.ActiveCfg = Release|Any CPU
		{1F328CB2-2466-4CAD-BF2C-CBFD7C69BA12}.Release|Any CPU.Build.0 = Release|Any CPU
		{2703C9BC-3365-4274-A04D-7F74D89AE599}.Debug|Any CPU.ActiveCfg = Debug|Any CPU
		{2703C9BC-3365-4274-A04D-7F74D89AE599}.Debug|Any CPU.Build.0 = Debug|Any CPU
		{2703C9BC-3365-4274-A04D-7F74D89AE599}.Release|Any CPU.ActiveCfg = Release|Any CPU
		{2703C9BC-3365-4274-A04D-7F74D89AE599}.Release|Any CPU.Build.0 = Release|Any CPU
	EndGlobalSection
	GlobalSection(SolutionProperties) = preSolution
		HideSolutionNode = FALSE
	EndGlobalSection
	GlobalSection(NestedProjects) = preSolution
		{EFE45FA4-F3B4-4D30-BF52-3BD7991D1C4C} = {C485F01C-B639-44B1-AC23-DD0A986CF9C4}
		{77137461-8422-4CE2-AF0D-03F9439732EF} = {AD2AA03C-FB74-42D8-8FE0-E038DD5F1F24}
		{D77DABF5-3BBF-4E07-9A0D-D85CE2277E4F} = {77137461-8422-4CE2-AF0D-03F9439732EF}
		{1F328CB2-2466-4CAD-BF2C-CBFD7C69BA12} = {D77DABF5-3BBF-4E07-9A0D-D85CE2277E4F}
		{0D197FF4-225F-41A0-B0C2-02E031C066DD} = {9A61DD14-E718-4FDE-AAE3-EA61B082AF1D}
	EndGlobalSection
	GlobalSection(ExtensibilityGlobals) = postSolution
		SolutionGuid = {7C980004-ACC0-4CAB-876E-D61606A0D82F}
	EndGlobalSection
	GlobalSection(SharedMSBuildProjectFiles) = preSolution
		Library\Library.projitems*{0d197ff4-225f-41a0-b0c2-02e031c066dd}*SharedItemsImports = 13
		Library\Library.projitems*{1f328cb2-2466-4cad-bf2c-cbfd7c69ba12}*SharedItemsImports = 4
	EndGlobalSection
EndGlobal
